
Microsoft Visual Studio Solution File, Format Version 12.00
# Visual Studio Version 17
VisualStudioVersion = 17.4.33403.182
MinimumVisualStudioVersion = 10.0.40219.1
Project("{FAE04EC0-301F-11D3-BF4B-00C04F79EFBC}") = "osu", "osu\osu.csproj", "{2EB5C111-AB9E-444F-9ADA-0FA8AB794322}"
EndProject
Global
	GlobalSection(SolutionConfigurationPlatforms) = preSolution
		Debug|Any CPU = Debug|Any CPU
		Release|Any CPU = Release|Any CPU
	EndGlobalSection
	GlobalSection(ProjectConfigurationPlatforms) = postSolution
		{2EB5C111-AB9E-444F-9ADA-0FA8AB794322}.Debug|Any CPU.ActiveCfg = Debug|Any CPU
		{2EB5C111-AB9E-444F-9ADA-0FA8AB794322}.Debug|Any CPU.Build.0 = Debug|Any CPU
		{2EB5C111-AB9E-444F-9ADA-0FA8AB794322}.Release|Any CPU.ActiveCfg = Release|Any CPU
		{2EB5C111-AB9E-444F-9ADA-0FA8AB794322}.Release|Any CPU.Build.0 = Release|Any CPU
	EndGlobalSection
	GlobalSection(SolutionProperties) = preSolution
		HideSolutionNode = FALSE
	EndGlobalSection
	GlobalSection(ExtensibilityGlobals) = postSolution
		SolutionGuid = {C816599B-D5F8-422A-AC5E-98C5762749E2}
	EndGlobalSection
EndGlobal
